
Microsoft Visual Studio Solution File, Format Version 12.00
# Visual Studio Version 16
VisualStudioVersion = 16.0.29926.136
MinimumVisualStudioVersion = 10.0.40219.1
Project("{FAE04EC0-301F-11D3-BF4B-00C04F79EFBC}") = "ClassLibrary", "ClassLibrary\ClassLibrary.csproj", "{A8B4CB2D-3208-410B-B8C0-DC0445BFDDC1}"
EndProject
Project("{FAE04EC0-301F-11D3-BF4B-00C04F79EFBC}") = "WinForFra", "WinForFra\WinForFra.csproj", "{FD2C2712-3140-41A0-B9EA-763D2E9882F7}"
EndProject
Global
	GlobalSection(SolutionConfigurationPlatforms) = preSolution
		Debug|Any CPU = Debug|Any CPU
		Release|Any CPU = Release|Any CPU
	EndGlobalSection
	GlobalSection(ProjectConfigurationPlatforms) = postSolution
		{A8B4CB2D-3208-410B-B8C0-DC0445BFDDC1}.Debug|Any CPU.ActiveCfg = Debug|Any CPU
		{A8B4CB2D-3208-410B-B8C0-DC0445BFDDC1}.Debug|Any CPU.Build.0 = Debug|Any CPU
		{A8B4CB2D-3208-410B-B8C0-DC0445BFDDC1}.Release|Any CPU.ActiveCfg = Release|Any CPU
		{A8B4CB2D-3208-410B-B8C0-DC0445BFDDC1}.Release|Any CPU.Build.0 = Release|Any CPU
		{FD2C2712-3140-41A0-B9EA-763D2E9882F7}.Debug|Any CPU.ActiveCfg = Debug|Any CPU
		{FD2C2712-3140-41A0-B9EA-763D2E9882F7}.Debug|Any CPU.Build.0 = Debug|Any CPU
		{FD2C2712-3140-41A0-B9EA-763D2E9882F7}.Release|Any CPU.ActiveCfg = Release|Any CPU
		{FD2C2712-3140-41A0-B9EA-763D2E9882F7}.Release|Any CPU.Build.0 = Release|Any CPU
	EndGlobalSection
	GlobalSection(SolutionProperties) = preSolution
		HideSolutionNode = FALSE
	EndGlobalSection
	GlobalSection(ExtensibilityGlobals) = postSolution
		SolutionGuid = {E8FC6CAF-D9B6-49BF-8E69-3ECAB505E3E2}
	EndGlobalSection
EndGlobal
